
Microsoft Visual Studio Solution File, Format Version 12.00
# Visual Studio Version 17
VisualStudioVersion = 17.14.36616.10 d17.14
MinimumVisualStudioVersion = 10.0.40219.1
Project("{FAE04EC0-301F-11D3-BF4B-00C04F79EFBC}") = "HEMS_NamNMSE182871", "HEMS_NamNMSE182871\HEMS_NamNMSE182871.csproj", "{660290ED-8E05-466E-BE17-5D9B18FFA55B}"
EndProject
Project("{FAE04EC0-301F-11D3-BF4B-00C04F79EFBC}") = "DataAccessLayer", "DataAccessLayer\DataAccessLayer.csproj", "{8D2BC3BB-EDBC-4514-AA3A-89EDB4897725}"
EndProject
Project("{FAE04EC0-301F-11D3-BF4B-00C04F79EFBC}") = "BusinessLayer", "BusinessLayer\BusinessLayer.csproj", "{AE2128C3-F274-4D53-998E-45A848A3C2C3}"
EndProject
Global
	GlobalSection(SolutionConfigurationPlatforms) = preSolution
		Debug|Any CPU = Debug|Any CPU
		Release|Any CPU = Release|Any CPU
	EndGlobalSection
	GlobalSection(ProjectConfigurationPlatforms) = postSolution
		{660290ED-8E05-466E-BE17-5D9B18FFA55B}.Debug|Any CPU.ActiveCfg = Debug|Any CPU
		{660290ED-8E05-466E-BE17-5D9B18FFA55B}.Debug|Any CPU.Build.0 = Debug|Any CPU
		{660290ED-8E05-466E-BE17-5D9B18FFA55B}.Release|Any CPU.ActiveCfg = Release|Any CPU
		{660290ED-8E05-466E-BE17-5D9B18FFA55B}.Release|Any CPU.Build.0 = Release|Any CPU
		{8D2BC3BB-EDBC-4514-AA3A-89EDB4897725}.Debug|Any CPU.ActiveCfg = Debug|Any CPU
		{8D2BC3BB-EDBC-4514-AA3A-89EDB4897725}.Debug|Any CPU.Build.0 = Debug|Any CPU
		{8D2BC3BB-EDBC-4514-AA3A-89EDB4897725}.Release|Any CPU.ActiveCfg = Release|Any CPU
		{8D2BC3BB-EDBC-4514-AA3A-89EDB4897725}.Release|Any CPU.Build.0 = Release|Any CPU
		{AE2128C3-F274-4D53-998E-45A848A3C2C3}.Debug|Any CPU.ActiveCfg = Debug|Any CPU
		{AE2128C3-F274-4D53-998E-45A848A3C2C3}.Debug|Any CPU.Build.0 = Debug|Any CPU
		{AE2128C3-F274-4D53-998E-45A848A3C2C3}.Release|Any CPU.ActiveCfg = Release|Any CPU
		{AE2128C3-F274-4D53-998E-45A848A3C2C3}.Release|Any CPU.Build.0 = Release|Any CPU
	EndGlobalSection
	GlobalSection(SolutionProperties) = preSolution
		HideSolutionNode = FALSE
	EndGlobalSection
	GlobalSection(ExtensibilityGlobals) = postSolution
		SolutionGuid = {3406C85A-F651-408D-A771-1F28A3889A1C}
	EndGlobalSection
EndGlobal
